{
  "nodes": {
    "darwin": {
      "inputs": {
        "nixpkgs": [
          "nixpkgs-darwin"
        ]
      },
      "locked": {
        "lastModified": 1699867978,
        "narHash": "sha256-+arl45HUOcBdKiRGrKXZYXDyBQ6MQGkYPZa/28f6Yzo=",
        "owner": "LnL7",
        "repo": "nix-darwin",
        "rev": "e67f2bf515343da378c3f82f098df8ca01bccc5f",
        "type": "github"
      },
      "original": {
        "owner": "LnL7",
        "repo": "nix-darwin",
        "type": "github"
      }
    },
    "home-manager": {
      "inputs": {
        "nixpkgs": [
          "nixpkgs-nixos"
        ]
      },
      "locked": {
        "lastModified": 1699748081,
        "narHash": "sha256-MOmMapBydd7MTjhX4eeQZzKlCABWw8W6iSHSG4OeFKE=",
        "owner": "nix-community",
        "repo": "home-manager",
        "rev": "04bac349d585c9df38d78e0285b780a140dc74a4",
        "type": "github"
      },
      "original": {
        "owner": "nix-community",
        "ref": "release-23.05",
        "repo": "home-manager",
        "type": "github"
      }
    },
    "nixos-hardware": {
      "locked": {
        "lastModified": 1699997707,
        "narHash": "sha256-ugb+1TGoOqqiy3axyEZpfF6T4DQUGjfWZ3Htry1EfvI=",
        "owner": "nixos",
        "repo": "nixos-hardware",
        "rev": "5689f3ebf899f644a1aabe8774d4f37eb2f6c2f9",
        "type": "github"
      },
      "original": {
        "owner": "nixos",
        "repo": "nixos-hardware",
        "type": "github"
      }
    },
    "nixpkgs-darwin": {
      "locked": {
        "lastModified": 1699969405,
        "narHash": "sha256-KUNyP5VIyzz17mm4+6zboBBxDev9SCrpZrcnRrtlXzk=",
        "owner": "nixos",
        "repo": "nixpkgs",
        "rev": "2e7346c2d611c1b40e1cf74f177b2b1a329782ce",
        "type": "github"
      },
      "original": {
        "owner": "nixos",
        "ref": "nixpkgs-23.05-darwin",
        "repo": "nixpkgs",
        "type": "github"
      }
    },
    "nixpkgs-nixos": {
      "locked": {
        "lastModified": 1699596684,
        "narHash": "sha256-XSXP8zjBZJBVvpNb2WmY0eW8O2ce+sVyj1T0/iBRIvg=",
        "owner": "nixos",
        "repo": "nixpkgs",
        "rev": "da4024d0ead5d7820f6bd15147d3fe2a0c0cec73",
        "type": "github"
      },
      "original": {
        "owner": "nixos",
        "ref": "nixos-23.05",
        "repo": "nixpkgs",
        "type": "github"
      }
    },
    "nixpkgs-unstable": {
      "locked": {
        "lastModified": 1699781429,
        "narHash": "sha256-UYefjidASiLORAjIvVsUHG6WBtRhM67kTjEY4XfZOFs=",
        "owner": "nixos",
        "repo": "nixpkgs",
        "rev": "e44462d6021bfe23dfb24b775cc7c390844f773d",
        "type": "github"
      },
      "original": {
        "owner": "nixos",
        "ref": "nixos-unstable",
        "repo": "nixpkgs",
        "type": "github"
      }
    },
    "root": {
      "inputs": {
        "darwin": "darwin",
        "home-manager": "home-manager",
        "nixos-hardware": "nixos-hardware",
        "nixpkgs-darwin": "nixpkgs-darwin",
        "nixpkgs-nixos": "nixpkgs-nixos",
        "nixpkgs-unstable": "nixpkgs-unstable"
      }
    }
  },
  "root": "root",
  "version": 7
}
