{
  "nodes": {
    "agenix": {
      "inputs": {
        "darwin": [
          "darwin"
        ],
        "home-manager": [
          "home-manager"
        ],
        "nixpkgs": [
          "nixpkgs-nixos"
        ],
        "systems": "systems"
      },
      "locked": {
        "lastModified": 1723293904,
        "narHash": "sha256-b+uqzj+Wa6xgMS9aNbX4I+sXeb5biPDi39VgvSFqFvU=",
        "owner": "ryantm",
        "repo": "agenix",
        "rev": "f6291c5935fdc4e0bef208cfc0dcab7e3f7a1c41",
        "type": "github"
      },
      "original": {
        "owner": "ryantm",
        "repo": "agenix",
        "type": "github"
      }
    },
    "darwin": {
      "inputs": {
        "nixpkgs": [
          "nixpkgs-nixos"
        ]
      },
      "locked": {
        "lastModified": 1725628909,
        "narHash": "sha256-xI0OSqPHcs/c/utJsU0Zvcp1VhejMI9mgwr68uHHlPs=",
        "owner": "LnL7",
        "repo": "nix-darwin",
        "rev": "76559183801030451e200c90a1627c1d82bb4910",
        "type": "github"
      },
      "original": {
        "owner": "LnL7",
        "repo": "nix-darwin",
        "type": "github"
      }
    },
    "deploy-rs": {
      "inputs": {
        "flake-compat": "flake-compat",
        "nixpkgs": [
          "nixpkgs-unstable"
        ],
        "utils": "utils"
      },
      "locked": {
        "lastModified": 1718194053,
        "narHash": "sha256-FaGrf7qwZ99ehPJCAwgvNY5sLCqQ3GDiE/6uLhxxwSY=",
        "owner": "serokell",
        "repo": "deploy-rs",
        "rev": "3867348fa92bc892eba5d9ddb2d7a97b9e127a8a",
        "type": "github"
      },
      "original": {
        "owner": "serokell",
        "repo": "deploy-rs",
        "type": "github"
      }
    },
    "flake-compat": {
      "flake": false,
      "locked": {
        "lastModified": 1696426674,
        "narHash": "sha256-kvjfFW7WAETZlt09AgDn1MrtKzP7t90Vf7vypd3OL1U=",
        "owner": "edolstra",
        "repo": "flake-compat",
        "rev": "0f9255e01c2351cc7d116c072cb317785dd33b33",
        "type": "github"
      },
      "original": {
        "owner": "edolstra",
        "repo": "flake-compat",
        "type": "github"
      }
    },
    "flake-compat_2": {
      "flake": false,
      "locked": {
        "lastModified": 1717312683,
        "narHash": "sha256-FrlieJH50AuvagamEvWMIE6D2OAnERuDboFDYAED/dE=",
        "owner": "nix-community",
        "repo": "flake-compat",
        "rev": "38fd3954cf65ce6faf3d0d45cd26059e059f07ea",
        "type": "github"
      },
      "original": {
        "owner": "nix-community",
        "repo": "flake-compat",
        "type": "github"
      }
    },
    "flake-parts": {
      "inputs": {
        "nixpkgs-lib": [
          "nixos-cosmic",
          "nix-update",
          "nixpkgs"
        ]
      },
      "locked": {
        "lastModified": 1719994518,
        "narHash": "sha256-pQMhCCHyQGRzdfAkdJ4cIWiw+JNuWsTX7f0ZYSyz0VY=",
        "owner": "hercules-ci",
        "repo": "flake-parts",
        "rev": "9227223f6d922fee3c7b190b2cc238a99527bbb7",
        "type": "github"
      },
      "original": {
        "owner": "hercules-ci",
        "repo": "flake-parts",
        "type": "github"
      }
    },
    "home-manager": {
      "inputs": {
        "nixpkgs": [
          "nixpkgs-nixos"
        ]
      },
      "locked": {
        "lastModified": 1720042825,
        "narHash": "sha256-A0vrUB6x82/jvf17qPCpxaM+ulJnD8YZwH9Ci0BsAzE=",
        "owner": "nix-community",
        "repo": "home-manager",
        "rev": "e1391fb22e18a36f57e6999c7a9f966dc80ac073",
        "type": "github"
      },
      "original": {
        "owner": "nix-community",
        "ref": "release-24.05",
        "repo": "home-manager",
        "type": "github"
      }
    },
    "nix-update": {
      "inputs": {
        "flake-parts": "flake-parts",
        "nixpkgs": [
          "nixos-cosmic",
          "nixpkgs"
        ],
        "treefmt-nix": "treefmt-nix"
      },
      "locked": {
        "lastModified": 1725480560,
        "narHash": "sha256-haSfwdurfltqQ/7YEmDcmWLnWwvAgelIHnXsHG34P1k=",
        "owner": "lilyinstarlight",
        "repo": "nix-update",
        "rev": "68c5b279ba15bf573d856caf539ec404f1f22f30",
        "type": "github"
      },
      "original": {
        "owner": "lilyinstarlight",
        "repo": "nix-update",
        "type": "github"
      }
    },
    "nixlib": {
      "locked": {
        "lastModified": 1725152544,
        "narHash": "sha256-Tm344cnFM9f2YZsgWtJduvhIrvLr3Bi8J4Xc+UZDKYE=",
        "owner": "nix-community",
        "repo": "nixpkgs.lib",
        "rev": "7f0b9e4fbd91826cb9ce6babbc11c87903191051",
        "type": "github"
      },
      "original": {
        "owner": "nix-community",
        "repo": "nixpkgs.lib",
        "type": "github"
      }
    },
    "nixos-cosmic": {
      "inputs": {
        "flake-compat": "flake-compat_2",
        "nix-update": "nix-update",
        "nixpkgs": "nixpkgs",
        "nixpkgs-stable": "nixpkgs-stable",
        "rust-overlay": "rust-overlay"
      },
      "locked": {
        "lastModified": 1725678057,
        "narHash": "sha256-YQ52Dze/1az9ZCNX0OTl2thkYfEW5kgsghDYhjM59hM=",
        "owner": "lilyinstarlight",
        "repo": "nixos-cosmic",
        "rev": "ed8276483a35dfe646af1e37f3c43a9f482e6dbf",
        "type": "github"
      },
      "original": {
        "owner": "lilyinstarlight",
        "repo": "nixos-cosmic",
        "type": "github"
      }
    },
    "nixos-generators": {
      "inputs": {
        "nixlib": "nixlib",
        "nixpkgs": [
          "nixpkgs-nixos"
        ]
      },
      "locked": {
        "lastModified": 1725497951,
        "narHash": "sha256-fayKyVs/9FQdYH+3SCOkQM1GCsEPPVE+lSiVGlYQ7i0=",
        "owner": "nix-community",
        "repo": "nixos-generators",
        "rev": "15a07ebf4a041bf232026263f1f96f2af390f3bc",
        "type": "github"
      },
      "original": {
        "owner": "nix-community",
        "repo": "nixos-generators",
        "type": "github"
      }
    },
    "nixos-hardware": {
      "locked": {
        "lastModified": 1725477728,
        "narHash": "sha256-ahej1VRqKmWbG7gewty+GlrSBEeGY/J2Zy8Nt8+3fdg=",
        "owner": "nixos",
        "repo": "nixos-hardware",
        "rev": "880be1ab837e1e9fe0449dae41ac4d034694d4ce",
        "type": "github"
      },
      "original": {
        "owner": "nixos",
        "repo": "nixos-hardware",
        "type": "github"
      }
    },
    "nixpkgs": {
      "locked": {
        "lastModified": 1725432240,
        "narHash": "sha256-+yj+xgsfZaErbfYM3T+QvEE2hU7UuE+Jf0fJCJ8uPS0=",
        "owner": "NixOS",
        "repo": "nixpkgs",
        "rev": "ad416d066ca1222956472ab7d0555a6946746a80",
        "type": "github"
      },
      "original": {
        "owner": "NixOS",
        "ref": "nixos-unstable",
        "repo": "nixpkgs",
        "type": "github"
      }
    },
    "nixpkgs-darwin": {
      "locked": {
        "lastModified": 1725498621,
        "narHash": "sha256-m12se55InZz03onhRji85deKJp4i0jrw980aDdxT0IM=",
        "owner": "nixos",
        "repo": "nixpkgs",
        "rev": "0409a1b650bb50c225485f2ca21c325eb33f45c7",
        "type": "github"
      },
      "original": {
        "owner": "nixos",
        "ref": "nixpkgs-24.05-darwin",
        "repo": "nixpkgs",
        "type": "github"
      }
    },
    "nixpkgs-nixos": {
      "locked": {
        "lastModified": 1725407940,
        "narHash": "sha256-tiN5Rlg/jiY0tyky+soJZoRzLKbPyIdlQ77xVgREDNM=",
        "owner": "nixos",
        "repo": "nixpkgs",
        "rev": "6f6c45b5134a8ee2e465164811e451dcb5ad86e3",
        "type": "github"
      },
      "original": {
        "owner": "nixos",
        "ref": "nixos-24.05",
        "repo": "nixpkgs",
        "type": "github"
      }
    },
    "nixpkgs-stable": {
      "locked": {
        "lastModified": 1725407940,
        "narHash": "sha256-tiN5Rlg/jiY0tyky+soJZoRzLKbPyIdlQ77xVgREDNM=",
        "owner": "NixOS",
        "repo": "nixpkgs",
        "rev": "6f6c45b5134a8ee2e465164811e451dcb5ad86e3",
        "type": "github"
      },
      "original": {
        "owner": "NixOS",
        "ref": "nixos-24.05",
        "repo": "nixpkgs",
        "type": "github"
      }
    },
    "nixpkgs-unstable": {
      "locked": {
        "lastModified": 1725432240,
        "narHash": "sha256-+yj+xgsfZaErbfYM3T+QvEE2hU7UuE+Jf0fJCJ8uPS0=",
        "owner": "nixos",
        "repo": "nixpkgs",
        "rev": "ad416d066ca1222956472ab7d0555a6946746a80",
        "type": "github"
      },
      "original": {
        "owner": "nixos",
        "ref": "nixos-unstable",
        "repo": "nixpkgs",
        "type": "github"
      }
    },
    "root": {
      "inputs": {
        "agenix": "agenix",
        "darwin": "darwin",
        "deploy-rs": "deploy-rs",
        "home-manager": "home-manager",
        "nixos-cosmic": "nixos-cosmic",
        "nixos-generators": "nixos-generators",
        "nixos-hardware": "nixos-hardware",
        "nixpkgs-darwin": "nixpkgs-darwin",
        "nixpkgs-nixos": "nixpkgs-nixos",
        "nixpkgs-unstable": "nixpkgs-unstable"
      }
    },
    "rust-overlay": {
      "inputs": {
        "nixpkgs": [
          "nixos-cosmic",
          "nixpkgs"
        ]
      },
      "locked": {
        "lastModified": 1725575741,
        "narHash": "sha256-LaW4WaeNIaju+bo7F7/+TK073JqcuoUvhcxzWp/9OrE=",
        "owner": "oxalica",
        "repo": "rust-overlay",
        "rev": "6bf986d20552384209907fa0d5f3fa9a34d00995",
        "type": "github"
      },
      "original": {
        "owner": "oxalica",
        "repo": "rust-overlay",
        "type": "github"
      }
    },
    "systems": {
      "locked": {
        "lastModified": 1681028828,
        "narHash": "sha256-Vy1rq5AaRuLzOxct8nz4T6wlgyUR7zLU309k9mBC768=",
        "owner": "nix-systems",
        "repo": "default",
        "rev": "da67096a3b9bf56a91d16901293e51ba5b49a27e",
        "type": "github"
      },
      "original": {
        "owner": "nix-systems",
        "repo": "default",
        "type": "github"
      }
    },
    "systems_2": {
      "locked": {
        "lastModified": 1681028828,
        "narHash": "sha256-Vy1rq5AaRuLzOxct8nz4T6wlgyUR7zLU309k9mBC768=",
        "owner": "nix-systems",
        "repo": "default",
        "rev": "da67096a3b9bf56a91d16901293e51ba5b49a27e",
        "type": "github"
      },
      "original": {
        "owner": "nix-systems",
        "repo": "default",
        "type": "github"
      }
    },
    "treefmt-nix": {
      "inputs": {
        "nixpkgs": [
          "nixos-cosmic",
          "nix-update",
          "nixpkgs"
        ]
      },
      "locked": {
        "lastModified": 1719887753,
        "narHash": "sha256-p0B2r98UtZzRDM5miGRafL4h7TwGRC4DII+XXHDHqek=",
        "owner": "numtide",
        "repo": "treefmt-nix",
        "rev": "bdb6355009562d8f9313d9460c0d3860f525bc6c",
        "type": "github"
      },
      "original": {
        "owner": "numtide",
        "repo": "treefmt-nix",
        "type": "github"
      }
    },
    "utils": {
      "inputs": {
        "systems": "systems_2"
      },
      "locked": {
        "lastModified": 1701680307,
        "narHash": "sha256-kAuep2h5ajznlPMD9rnQyffWG8EM/C73lejGofXvdM8=",
        "owner": "numtide",
        "repo": "flake-utils",
        "rev": "4022d587cbbfd70fe950c1e2083a02621806a725",
        "type": "github"
      },
      "original": {
        "owner": "numtide",
        "repo": "flake-utils",
        "type": "github"
      }
    }
  },
  "root": "root",
  "version": 7
}
